
Microsoft Visual Studio Solution File, Format Version 12.00
# Visual Studio Version 17
VisualStudioVersion = 17.8.34525.116
MinimumVisualStudioVersion = 10.0.40219.1
Project("{FAE04EC0-301F-11D3-BF4B-00C04F79EFBC}") = "Academy-2024", "Academy-2024\Academy-2024.csproj", "{A85B422E-54E6-4B6B-ABE8-FD82D1E65344}"
EndProject
Global
	GlobalSection(SolutionConfigurationPlatforms) = preSolution
		Debug|Any CPU = Debug|Any CPU
		Release|Any CPU = Release|Any CPU
	EndGlobalSection
	GlobalSection(ProjectConfigurationPlatforms) = postSolution
		{A85B422E-54E6-4B6B-ABE8-FD82D1E65344}.Debug|Any CPU.ActiveCfg = Debug|Any CPU
		{A85B422E-54E6-4B6B-ABE8-FD82D1E65344}.Debug|Any CPU.Build.0 = Debug|Any CPU
		{A85B422E-54E6-4B6B-ABE8-FD82D1E65344}.Release|Any CPU.ActiveCfg = Release|Any CPU
		{A85B422E-54E6-4B6B-ABE8-FD82D1E65344}.Release|Any CPU.Build.0 = Release|Any CPU
	EndGlobalSection
	GlobalSection(SolutionProperties) = preSolution
		HideSolutionNode = FALSE
	EndGlobalSection
	GlobalSection(ExtensibilityGlobals) = postSolution
		SolutionGuid = {D4336800-BA08-44EA-B1A9-D5FE8073CD8B}
	EndGlobalSection
EndGlobal
